{
  "name": "ajs03-new",
  "version": "1.0.0",
  "lockfileVersion": 2,
  "requires": true,
  "packages": {
    "": {
      "name": "ajs03-new",
      "version": "1.0.0",
      "license": "ISC",
      "dependencies": {
        "@kksyai/ajs03": "^1.0.0"
      }
    },
    "node_modules/@kksyai/ajs03": {
      "version": "1.0.0",
      "resolved": "https://npm.pkg.github.com/download/@kksyai/ajs03/1.0.0/338d7671ac5ca8477c37f7df90c9f3d7e347ebdd",
      "integrity": "sha512-2X/cDgqUKR01dUehr8DFXgoG5+Ybpsyk/XGR9o17KtOmsVZiiytX8x+gv2JX4DMnA1NEL4S/bq8tChagR/653Q==",
      "license": "ISC"
    }
  },
  "dependencies": {
    "@kksyai/ajs03": {
      "version": "1.0.0",
      "resolved": "https://npm.pkg.github.com/download/@kksyai/ajs03/1.0.0/338d7671ac5ca8477c37f7df90c9f3d7e347ebdd",
      "integrity": "sha512-2X/cDgqUKR01dUehr8DFXgoG5+Ybpsyk/XGR9o17KtOmsVZiiytX8x+gv2JX4DMnA1NEL4S/bq8tChagR/653Q=="
    }
  }
}
